
Microsoft Visual Studio Solution File, Format Version 12.00
# Visual Studio 14
VisualStudioVersion = 14.0.25420.1
MinimumVisualStudioVersion = 10.0.40219.1
Project("{FAE04EC0-301F-11D3-BF4B-00C04F79EFBC}") = "Admin", "Admin\Admin.csproj", "{39E7171F-60E1-4F79-B718-BFE296F5836D}"
EndProject
Project("{2150E333-8FDC-42A3-9474-1A3956D46DE8}") = "Impl", "Impl", "{163D27C3-DC6A-4DC4-B8FD-7EC6D7E73FC6}"
EndProject
Project("{FAE04EC0-301F-11D3-BF4B-00C04F79EFBC}") = "Service", "Service\Service.csproj", "{1ECC5501-0EDA-4B51-8F35-AF2BF0A1CD80}"
EndProject
Project("{FAE04EC0-301F-11D3-BF4B-00C04F79EFBC}") = "SchedulerJobWinService", "ServiceHost\SchedulerJobWinService.csproj", "{3C51358E-3063-4509-8FDB-AC5FB3A1C50E}"
EndProject
Project("{FAE04EC0-301F-11D3-BF4B-00C04F79EFBC}") = "JobServiceSite", "JobServiceSite\JobServiceSite.csproj", "{603137C6-BEEB-4CD8-9229-C8169DA4FEEC}"
EndProject
Project("{2150E333-8FDC-42A3-9474-1A3956D46DE8}") = "App", "App", "{350375B4-28AC-4F3F-AD97-857E1F03EE17}"
EndProject
Project("{2150E333-8FDC-42A3-9474-1A3956D46DE8}") = "Test", "Test", "{E81E5190-EEE3-401D-8ADD-9C244CA96D6B}"
EndProject
Project("{FAE04EC0-301F-11D3-BF4B-00C04F79EFBC}") = "DemoQuartzService", "DemoQuartzService\DemoQuartzService.csproj", "{E779F16D-5373-4E29-BF66-F8DF7DCDC970}"
EndProject
Project("{2150E333-8FDC-42A3-9474-1A3956D46DE8}") = "QuartzNET", "QuartzNET", "{91E5E427-D91B-441B-93CC-10956905F146}"
EndProject
Project("{FAE04EC0-301F-11D3-BF4B-00C04F79EFBC}") = "Quartz.2010", "quartznet-2.x\src\Quartz\Quartz.2010.csproj", "{AEF8823B-E45B-4B35-A4D0-C08C1196D017}"
EndProject
Project("{FAE04EC0-301F-11D3-BF4B-00C04F79EFBC}") = "Quartz.Examples.2010", "quartznet-2.x\src\Quartz.Examples\Quartz.Examples.2010.csproj", "{70A37974-17DE-474C-8A1C-19637622E75F}"
EndProject
Project("{2150E333-8FDC-42A3-9474-1A3956D46DE8}") = "Host", "Host", "{75A15394-2995-42A9-AFE1-2F4885AF7BAE}"
EndProject
Global
	GlobalSection(SolutionConfigurationPlatforms) = preSolution
		Debug|Any CPU = Debug|Any CPU
		Release|Any CPU = Release|Any CPU
	EndGlobalSection
	GlobalSection(ProjectConfigurationPlatforms) = postSolution
		{39E7171F-60E1-4F79-B718-BFE296F5836D}.Debug|Any CPU.ActiveCfg = Debug|Any CPU
		{39E7171F-60E1-4F79-B718-BFE296F5836D}.Debug|Any CPU.Build.0 = Debug|Any CPU
		{39E7171F-60E1-4F79-B718-BFE296F5836D}.Release|Any CPU.ActiveCfg = Release|Any CPU
		{39E7171F-60E1-4F79-B718-BFE296F5836D}.Release|Any CPU.Build.0 = Release|Any CPU
		{1ECC5501-0EDA-4B51-8F35-AF2BF0A1CD80}.Debug|Any CPU.ActiveCfg = Debug|Any CPU
		{1ECC5501-0EDA-4B51-8F35-AF2BF0A1CD80}.Debug|Any CPU.Build.0 = Debug|Any CPU
		{1ECC5501-0EDA-4B51-8F35-AF2BF0A1CD80}.Release|Any CPU.ActiveCfg = Release|Any CPU
		{1ECC5501-0EDA-4B51-8F35-AF2BF0A1CD80}.Release|Any CPU.Build.0 = Release|Any CPU
		{3C51358E-3063-4509-8FDB-AC5FB3A1C50E}.Debug|Any CPU.ActiveCfg = Debug|Any CPU
		{3C51358E-3063-4509-8FDB-AC5FB3A1C50E}.Debug|Any CPU.Build.0 = Debug|Any CPU
		{3C51358E-3063-4509-8FDB-AC5FB3A1C50E}.Release|Any CPU.ActiveCfg = Release|Any CPU
		{3C51358E-3063-4509-8FDB-AC5FB3A1C50E}.Release|Any CPU.Build.0 = Release|Any CPU
		{603137C6-BEEB-4CD8-9229-C8169DA4FEEC}.Debug|Any CPU.ActiveCfg = Debug|Any CPU
		{603137C6-BEEB-4CD8-9229-C8169DA4FEEC}.Debug|Any CPU.Build.0 = Debug|Any CPU
		{603137C6-BEEB-4CD8-9229-C8169DA4FEEC}.Release|Any CPU.ActiveCfg = Release|Any CPU
		{603137C6-BEEB-4CD8-9229-C8169DA4FEEC}.Release|Any CPU.Build.0 = Release|Any CPU
		{E779F16D-5373-4E29-BF66-F8DF7DCDC970}.Debug|Any CPU.ActiveCfg = Debug|Any CPU
		{E779F16D-5373-4E29-BF66-F8DF7DCDC970}.Debug|Any CPU.Build.0 = Debug|Any CPU
		{E779F16D-5373-4E29-BF66-F8DF7DCDC970}.Release|Any CPU.ActiveCfg = Release|Any CPU
		{E779F16D-5373-4E29-BF66-F8DF7DCDC970}.Release|Any CPU.Build.0 = Release|Any CPU
		{AEF8823B-E45B-4B35-A4D0-C08C1196D017}.Debug|Any CPU.ActiveCfg = Debug|Any CPU
		{AEF8823B-E45B-4B35-A4D0-C08C1196D017}.Debug|Any CPU.Build.0 = Debug|Any CPU
		{AEF8823B-E45B-4B35-A4D0-C08C1196D017}.Release|Any CPU.ActiveCfg = Release|Any CPU
		{AEF8823B-E45B-4B35-A4D0-C08C1196D017}.Release|Any CPU.Build.0 = Release|Any CPU
		{70A37974-17DE-474C-8A1C-19637622E75F}.Debug|Any CPU.ActiveCfg = Debug|Any CPU
		{70A37974-17DE-474C-8A1C-19637622E75F}.Debug|Any CPU.Build.0 = Debug|Any CPU
		{70A37974-17DE-474C-8A1C-19637622E75F}.Release|Any CPU.ActiveCfg = Release|Any CPU
		{70A37974-17DE-474C-8A1C-19637622E75F}.Release|Any CPU.Build.0 = Release|Any CPU
	EndGlobalSection
	GlobalSection(SolutionProperties) = preSolution
		HideSolutionNode = FALSE
	EndGlobalSection
	GlobalSection(NestedProjects) = preSolution
		{39E7171F-60E1-4F79-B718-BFE296F5836D} = {350375B4-28AC-4F3F-AD97-857E1F03EE17}
		{1ECC5501-0EDA-4B51-8F35-AF2BF0A1CD80} = {163D27C3-DC6A-4DC4-B8FD-7EC6D7E73FC6}
		{3C51358E-3063-4509-8FDB-AC5FB3A1C50E} = {75A15394-2995-42A9-AFE1-2F4885AF7BAE}
		{603137C6-BEEB-4CD8-9229-C8169DA4FEEC} = {350375B4-28AC-4F3F-AD97-857E1F03EE17}
		{E779F16D-5373-4E29-BF66-F8DF7DCDC970} = {E81E5190-EEE3-401D-8ADD-9C244CA96D6B}
		{AEF8823B-E45B-4B35-A4D0-C08C1196D017} = {91E5E427-D91B-441B-93CC-10956905F146}
		{70A37974-17DE-474C-8A1C-19637622E75F} = {91E5E427-D91B-441B-93CC-10956905F146}
	EndGlobalSection
EndGlobal
