
Microsoft Visual Studio Solution File, Format Version 12.00
# Visual Studio 14
VisualStudioVersion = 14.0.25420.1
MinimumVisualStudioVersion = 10.0.40219.1
Project("{2150E333-8FDC-42A3-9474-1A3956D46DE8}") = "Impl", "Impl", "{163D27C3-DC6A-4DC4-B8FD-7EC6D7E73FC6}"
EndProject
Project("{2150E333-8FDC-42A3-9474-1A3956D46DE8}") = "App", "App", "{350375B4-28AC-4F3F-AD97-857E1F03EE17}"
EndProject
Project("{2150E333-8FDC-42A3-9474-1A3956D46DE8}") = "Test", "Test", "{E81E5190-EEE3-401D-8ADD-9C244CA96D6B}"
EndProject
Project("{FAE04EC0-301F-11D3-BF4B-00C04F79EFBC}") = "DemoQuartzService", "DemoQuartzService\DemoQuartzService.csproj", "{E779F16D-5373-4E29-BF66-F8DF7DCDC970}"
EndProject
Project("{2150E333-8FDC-42A3-9474-1A3956D46DE8}") = "QuartzNET", "QuartzNET", "{91E5E427-D91B-441B-93CC-10956905F146}"
EndProject
Project("{FAE04EC0-301F-11D3-BF4B-00C04F79EFBC}") = "Quartz.2010", "quartznet-2.x\src\Quartz\Quartz.2010.csproj", "{AEF8823B-E45B-4B35-A4D0-C08C1196D017}"
EndProject
Project("{FAE04EC0-301F-11D3-BF4B-00C04F79EFBC}") = "Quartz.Examples.2010", "quartznet-2.x\src\Quartz.Examples\Quartz.Examples.2010.csproj", "{70A37974-17DE-474C-8A1C-19637622E75F}"
EndProject
Project("{FAE04EC0-301F-11D3-BF4B-00C04F79EFBC}") = "ScheduleManagerDesktop", "ScheduleJobDesktop\ScheduleManagerDesktop.csproj", "{0CB85382-CC94-4E42-84DF-0912AC3BDD58}"
EndProject
Project("{FAE04EC0-301F-11D3-BF4B-00C04F79EFBC}") = "DgvColumn", "DgvColumn\DgvColumn.csproj", "{7C953CAD-FA19-448C-87CF-D99F08057DD3}"
EndProject
Project("{FAE04EC0-301F-11D3-BF4B-00C04F79EFBC}") = "Service", "DataAccess\Service.csproj", "{073F8C3F-4A2C-48BD-8F14-0CD9E8FBB7E0}"
EndProject
Project("{FAE04EC0-301F-11D3-BF4B-00C04F79EFBC}") = "Utility", "Utility\Utility.csproj", "{38FD714F-EE5F-4600-BC1A-CFB94865712A}"
EndProject
Project("{FAE04EC0-301F-11D3-BF4B-00C04F79EFBC}") = "JobHostSite", "JobHostSite\JobHostSite.csproj", "{838BD059-1EAC-4CF7-AF14-483B59CD944C}"
EndProject
Project("{FAE04EC0-301F-11D3-BF4B-00C04F79EFBC}") = "JobServiceSite", "JobServiceSite\JobServiceSite.csproj", "{E72AD1F0-6B42-46C0-935D-9427CB198EC9}"
EndProject
Global
	GlobalSection(SolutionConfigurationPlatforms) = preSolution
		Debug|Any CPU = Debug|Any CPU
		Release|Any CPU = Release|Any CPU
	EndGlobalSection
	GlobalSection(ProjectConfigurationPlatforms) = postSolution
		{E779F16D-5373-4E29-BF66-F8DF7DCDC970}.Debug|Any CPU.ActiveCfg = Debug|Any CPU
		{E779F16D-5373-4E29-BF66-F8DF7DCDC970}.Debug|Any CPU.Build.0 = Debug|Any CPU
		{E779F16D-5373-4E29-BF66-F8DF7DCDC970}.Release|Any CPU.ActiveCfg = Release|Any CPU
		{E779F16D-5373-4E29-BF66-F8DF7DCDC970}.Release|Any CPU.Build.0 = Release|Any CPU
		{AEF8823B-E45B-4B35-A4D0-C08C1196D017}.Debug|Any CPU.ActiveCfg = Debug|Any CPU
		{AEF8823B-E45B-4B35-A4D0-C08C1196D017}.Debug|Any CPU.Build.0 = Debug|Any CPU
		{AEF8823B-E45B-4B35-A4D0-C08C1196D017}.Release|Any CPU.ActiveCfg = Release|Any CPU
		{AEF8823B-E45B-4B35-A4D0-C08C1196D017}.Release|Any CPU.Build.0 = Release|Any CPU
		{70A37974-17DE-474C-8A1C-19637622E75F}.Debug|Any CPU.ActiveCfg = Debug|Any CPU
		{70A37974-17DE-474C-8A1C-19637622E75F}.Debug|Any CPU.Build.0 = Debug|Any CPU
		{70A37974-17DE-474C-8A1C-19637622E75F}.Release|Any CPU.ActiveCfg = Release|Any CPU
		{70A37974-17DE-474C-8A1C-19637622E75F}.Release|Any CPU.Build.0 = Release|Any CPU
		{0CB85382-CC94-4E42-84DF-0912AC3BDD58}.Debug|Any CPU.ActiveCfg = Debug|Any CPU
		{0CB85382-CC94-4E42-84DF-0912AC3BDD58}.Debug|Any CPU.Build.0 = Debug|Any CPU
		{0CB85382-CC94-4E42-84DF-0912AC3BDD58}.Release|Any CPU.ActiveCfg = Release|Any CPU
		{0CB85382-CC94-4E42-84DF-0912AC3BDD58}.Release|Any CPU.Build.0 = Release|Any CPU
		{7C953CAD-FA19-448C-87CF-D99F08057DD3}.Debug|Any CPU.ActiveCfg = Debug|Any CPU
		{7C953CAD-FA19-448C-87CF-D99F08057DD3}.Debug|Any CPU.Build.0 = Debug|Any CPU
		{7C953CAD-FA19-448C-87CF-D99F08057DD3}.Release|Any CPU.ActiveCfg = Release|Any CPU
		{7C953CAD-FA19-448C-87CF-D99F08057DD3}.Release|Any CPU.Build.0 = Release|Any CPU
		{073F8C3F-4A2C-48BD-8F14-0CD9E8FBB7E0}.Debug|Any CPU.ActiveCfg = Debug|Any CPU
		{073F8C3F-4A2C-48BD-8F14-0CD9E8FBB7E0}.Debug|Any CPU.Build.0 = Debug|Any CPU
		{073F8C3F-4A2C-48BD-8F14-0CD9E8FBB7E0}.Release|Any CPU.ActiveCfg = Release|Any CPU
		{073F8C3F-4A2C-48BD-8F14-0CD9E8FBB7E0}.Release|Any CPU.Build.0 = Release|Any CPU
		{38FD714F-EE5F-4600-BC1A-CFB94865712A}.Debug|Any CPU.ActiveCfg = Debug|Any CPU
		{38FD714F-EE5F-4600-BC1A-CFB94865712A}.Debug|Any CPU.Build.0 = Debug|Any CPU
		{38FD714F-EE5F-4600-BC1A-CFB94865712A}.Release|Any CPU.ActiveCfg = Release|Any CPU
		{38FD714F-EE5F-4600-BC1A-CFB94865712A}.Release|Any CPU.Build.0 = Release|Any CPU
		{838BD059-1EAC-4CF7-AF14-483B59CD944C}.Debug|Any CPU.ActiveCfg = Debug|Any CPU
		{838BD059-1EAC-4CF7-AF14-483B59CD944C}.Debug|Any CPU.Build.0 = Debug|Any CPU
		{838BD059-1EAC-4CF7-AF14-483B59CD944C}.Release|Any CPU.ActiveCfg = Release|Any CPU
		{838BD059-1EAC-4CF7-AF14-483B59CD944C}.Release|Any CPU.Build.0 = Release|Any CPU
		{E72AD1F0-6B42-46C0-935D-9427CB198EC9}.Debug|Any CPU.ActiveCfg = Debug|Any CPU
		{E72AD1F0-6B42-46C0-935D-9427CB198EC9}.Debug|Any CPU.Build.0 = Debug|Any CPU
		{E72AD1F0-6B42-46C0-935D-9427CB198EC9}.Release|Any CPU.ActiveCfg = Release|Any CPU
		{E72AD1F0-6B42-46C0-935D-9427CB198EC9}.Release|Any CPU.Build.0 = Release|Any CPU
	EndGlobalSection
	GlobalSection(SolutionProperties) = preSolution
		HideSolutionNode = FALSE
	EndGlobalSection
	GlobalSection(NestedProjects) = preSolution
		{E779F16D-5373-4E29-BF66-F8DF7DCDC970} = {E81E5190-EEE3-401D-8ADD-9C244CA96D6B}
		{AEF8823B-E45B-4B35-A4D0-C08C1196D017} = {91E5E427-D91B-441B-93CC-10956905F146}
		{70A37974-17DE-474C-8A1C-19637622E75F} = {91E5E427-D91B-441B-93CC-10956905F146}
		{0CB85382-CC94-4E42-84DF-0912AC3BDD58} = {350375B4-28AC-4F3F-AD97-857E1F03EE17}
		{7C953CAD-FA19-448C-87CF-D99F08057DD3} = {E81E5190-EEE3-401D-8ADD-9C244CA96D6B}
		{073F8C3F-4A2C-48BD-8F14-0CD9E8FBB7E0} = {163D27C3-DC6A-4DC4-B8FD-7EC6D7E73FC6}
		{38FD714F-EE5F-4600-BC1A-CFB94865712A} = {163D27C3-DC6A-4DC4-B8FD-7EC6D7E73FC6}
		{838BD059-1EAC-4CF7-AF14-483B59CD944C} = {350375B4-28AC-4F3F-AD97-857E1F03EE17}
		{E72AD1F0-6B42-46C0-935D-9427CB198EC9} = {350375B4-28AC-4F3F-AD97-857E1F03EE17}
	EndGlobalSection
EndGlobal
