
Microsoft Visual Studio Solution File, Format Version 12.00
# Visual Studio 14
VisualStudioVersion = 14.0.25420.1
MinimumVisualStudioVersion = 10.0.40219.1
Project("{FAE04EC0-301F-11D3-BF4B-00C04F79EFBC}") = "Admin", "Admin\Admin.csproj", "{39E7171F-60E1-4F79-B718-BFE296F5836D}"
EndProject
Project("{2150E333-8FDC-42A3-9474-1A3956D46DE8}") = "Impl", "Impl", "{163D27C3-DC6A-4DC4-B8FD-7EC6D7E73FC6}"
EndProject
Project("{2150E333-8FDC-42A3-9474-1A3956D46DE8}") = "Refer", "Refer", "{1E2E7FFD-AB98-4B89-ACDC-0A70FD423F81}"
EndProject
Project("{FAE04EC0-301F-11D3-BF4B-00C04F79EFBC}") = "Quartz.Web", "src\Quartz.Web\Quartz.Web.csproj", "{85E583B5-2D1E-4D08-8677-0D0851CBE2B6}"
EndProject
Project("{FAE04EC0-301F-11D3-BF4B-00C04F79EFBC}") = "Quartz.Server", "src\Quartz.Server\Quartz.Server.csproj", "{09082B9A-906C-4A17-A2E5-6C947DAC7C85}"
EndProject
Project("{FAE04EC0-301F-11D3-BF4B-00C04F79EFBC}") = "Quartz.Serialization.Json", "src\Quartz.Serialization.Json\Quartz.Serialization.Json.csproj", "{AEF8823B-E45B-4B35-A4D0-C08C1111D017}"
EndProject
Project("{FAE04EC0-301F-11D3-BF4B-00C04F79EFBC}") = "Quartz.Examples", "src\Quartz.Examples\Quartz.Examples.csproj", "{70A37974-17DE-474C-8A1C-19637622E75F}"
EndProject
Project("{FAE04EC0-301F-11D3-BF4B-00C04F79EFBC}") = "Quartz", "src\Quartz\Quartz.csproj", "{AEF8823B-E45B-4B35-A4D0-C08C1196D017}"
EndProject
Project("{FAE04EC0-301F-11D3-BF4B-00C04F79EFBC}") = "Quartz.Tests.Unit", "src\Quartz.Tests.Unit\Quartz.Tests.Unit.csproj", "{3F8CA4D4-AE20-4767-8573-E39A17EC6F4E}"
EndProject
Project("{FAE04EC0-301F-11D3-BF4B-00C04F79EFBC}") = "Quartz.Tests.Integration", "src\Quartz.Tests.Integration\Quartz.Tests.Integration.csproj", "{5587AF00-160F-4EC1-98A2-BEABA411256C}"
EndProject
Project("{FAE04EC0-301F-11D3-BF4B-00C04F79EFBC}") = "Service", "Service\Service.csproj", "{1ECC5501-0EDA-4B51-8F35-AF2BF0A1CD80}"
EndProject
Global
	GlobalSection(SolutionConfigurationPlatforms) = preSolution
		Debug|Any CPU = Debug|Any CPU
		Release|Any CPU = Release|Any CPU
	EndGlobalSection
	GlobalSection(ProjectConfigurationPlatforms) = postSolution
		{39E7171F-60E1-4F79-B718-BFE296F5836D}.Debug|Any CPU.ActiveCfg = Debug|Any CPU
		{39E7171F-60E1-4F79-B718-BFE296F5836D}.Debug|Any CPU.Build.0 = Debug|Any CPU
		{39E7171F-60E1-4F79-B718-BFE296F5836D}.Release|Any CPU.ActiveCfg = Release|Any CPU
		{39E7171F-60E1-4F79-B718-BFE296F5836D}.Release|Any CPU.Build.0 = Release|Any CPU
		{85E583B5-2D1E-4D08-8677-0D0851CBE2B6}.Debug|Any CPU.ActiveCfg = Debug|Any CPU
		{85E583B5-2D1E-4D08-8677-0D0851CBE2B6}.Debug|Any CPU.Build.0 = Debug|Any CPU
		{85E583B5-2D1E-4D08-8677-0D0851CBE2B6}.Release|Any CPU.ActiveCfg = Release|Any CPU
		{85E583B5-2D1E-4D08-8677-0D0851CBE2B6}.Release|Any CPU.Build.0 = Release|Any CPU
		{09082B9A-906C-4A17-A2E5-6C947DAC7C85}.Debug|Any CPU.ActiveCfg = Debug|Any CPU
		{09082B9A-906C-4A17-A2E5-6C947DAC7C85}.Debug|Any CPU.Build.0 = Debug|Any CPU
		{09082B9A-906C-4A17-A2E5-6C947DAC7C85}.Release|Any CPU.ActiveCfg = Release|Any CPU
		{09082B9A-906C-4A17-A2E5-6C947DAC7C85}.Release|Any CPU.Build.0 = Release|Any CPU
		{AEF8823B-E45B-4B35-A4D0-C08C1111D017}.Debug|Any CPU.ActiveCfg = Debug|Any CPU
		{AEF8823B-E45B-4B35-A4D0-C08C1111D017}.Debug|Any CPU.Build.0 = Debug|Any CPU
		{AEF8823B-E45B-4B35-A4D0-C08C1111D017}.Release|Any CPU.ActiveCfg = Release|Any CPU
		{AEF8823B-E45B-4B35-A4D0-C08C1111D017}.Release|Any CPU.Build.0 = Release|Any CPU
		{70A37974-17DE-474C-8A1C-19637622E75F}.Debug|Any CPU.ActiveCfg = Debug|Any CPU
		{70A37974-17DE-474C-8A1C-19637622E75F}.Debug|Any CPU.Build.0 = Debug|Any CPU
		{70A37974-17DE-474C-8A1C-19637622E75F}.Release|Any CPU.ActiveCfg = Release|Any CPU
		{70A37974-17DE-474C-8A1C-19637622E75F}.Release|Any CPU.Build.0 = Release|Any CPU
		{AEF8823B-E45B-4B35-A4D0-C08C1196D017}.Debug|Any CPU.ActiveCfg = Debug|Any CPU
		{AEF8823B-E45B-4B35-A4D0-C08C1196D017}.Debug|Any CPU.Build.0 = Debug|Any CPU
		{AEF8823B-E45B-4B35-A4D0-C08C1196D017}.Release|Any CPU.ActiveCfg = Release|Any CPU
		{AEF8823B-E45B-4B35-A4D0-C08C1196D017}.Release|Any CPU.Build.0 = Release|Any CPU
		{3F8CA4D4-AE20-4767-8573-E39A17EC6F4E}.Debug|Any CPU.ActiveCfg = Debug|Any CPU
		{3F8CA4D4-AE20-4767-8573-E39A17EC6F4E}.Debug|Any CPU.Build.0 = Debug|Any CPU
		{3F8CA4D4-AE20-4767-8573-E39A17EC6F4E}.Release|Any CPU.ActiveCfg = Release|Any CPU
		{3F8CA4D4-AE20-4767-8573-E39A17EC6F4E}.Release|Any CPU.Build.0 = Release|Any CPU
		{5587AF00-160F-4EC1-98A2-BEABA411256C}.Debug|Any CPU.ActiveCfg = Debug|Any CPU
		{5587AF00-160F-4EC1-98A2-BEABA411256C}.Debug|Any CPU.Build.0 = Debug|Any CPU
		{5587AF00-160F-4EC1-98A2-BEABA411256C}.Release|Any CPU.ActiveCfg = Release|Any CPU
		{5587AF00-160F-4EC1-98A2-BEABA411256C}.Release|Any CPU.Build.0 = Release|Any CPU
		{1ECC5501-0EDA-4B51-8F35-AF2BF0A1CD80}.Debug|Any CPU.ActiveCfg = Debug|Any CPU
		{1ECC5501-0EDA-4B51-8F35-AF2BF0A1CD80}.Debug|Any CPU.Build.0 = Debug|Any CPU
		{1ECC5501-0EDA-4B51-8F35-AF2BF0A1CD80}.Release|Any CPU.ActiveCfg = Release|Any CPU
		{1ECC5501-0EDA-4B51-8F35-AF2BF0A1CD80}.Release|Any CPU.Build.0 = Release|Any CPU
	EndGlobalSection
	GlobalSection(SolutionProperties) = preSolution
		HideSolutionNode = FALSE
	EndGlobalSection
	GlobalSection(NestedProjects) = preSolution
		{39E7171F-60E1-4F79-B718-BFE296F5836D} = {163D27C3-DC6A-4DC4-B8FD-7EC6D7E73FC6}
		{85E583B5-2D1E-4D08-8677-0D0851CBE2B6} = {1E2E7FFD-AB98-4B89-ACDC-0A70FD423F81}
		{09082B9A-906C-4A17-A2E5-6C947DAC7C85} = {1E2E7FFD-AB98-4B89-ACDC-0A70FD423F81}
		{AEF8823B-E45B-4B35-A4D0-C08C1111D017} = {1E2E7FFD-AB98-4B89-ACDC-0A70FD423F81}
		{70A37974-17DE-474C-8A1C-19637622E75F} = {1E2E7FFD-AB98-4B89-ACDC-0A70FD423F81}
		{AEF8823B-E45B-4B35-A4D0-C08C1196D017} = {1E2E7FFD-AB98-4B89-ACDC-0A70FD423F81}
		{3F8CA4D4-AE20-4767-8573-E39A17EC6F4E} = {1E2E7FFD-AB98-4B89-ACDC-0A70FD423F81}
		{5587AF00-160F-4EC1-98A2-BEABA411256C} = {1E2E7FFD-AB98-4B89-ACDC-0A70FD423F81}
		{1ECC5501-0EDA-4B51-8F35-AF2BF0A1CD80} = {163D27C3-DC6A-4DC4-B8FD-7EC6D7E73FC6}
	EndGlobalSection
EndGlobal
